
Microsoft Visual Studio Solution File, Format Version 12.00
# Visual Studio 15
VisualStudioVersion = 15.0.27703.1
MinimumVisualStudioVersion = 10.0.40219.1
Project("{9A19103F-16F7-4668-BE54-9A1E7A4F7556}") = "jcu", "jcu.csproj", "{380E7D08-2C81-4A72-B203-87C3B791703B}"
EndProject
Global
	GlobalSection(SolutionConfigurationPlatforms) = preSolution
		Debug|Any CPU = Debug|Any CPU
		Release|Any CPU = Release|Any CPU
	EndGlobalSection
	GlobalSection(ProjectConfigurationPlatforms) = postSolution
		{380E7D08-2C81-4A72-B203-87C3B791703B}.Debug|Any CPU.ActiveCfg = Debug|Any CPU
		{380E7D08-2C81-4A72-B203-87C3B791703B}.Debug|Any CPU.Build.0 = Debug|Any CPU
		{380E7D08-2C81-4A72-B203-87C3B791703B}.Release|Any CPU.ActiveCfg = Release|Any CPU
		{380E7D08-2C81-4A72-B203-87C3B791703B}.Release|Any CPU.Build.0 = Release|Any CPU
	EndGlobalSection
	GlobalSection(SolutionProperties) = preSolution
		HideSolutionNode = FALSE
	EndGlobalSection
	GlobalSection(ExtensibilityGlobals) = postSolution
		SolutionGuid = {26F0F569-AC6D-41C0-BF07-E476B3D9249A}
	EndGlobalSection
EndGlobal
